Microsoft Visual Studio Solution File, Format Version 12.00
# Visual Studio Version 16
VisualStudioVersion = 16.0.31005.135
MinimumVisualStudioVersion = 10.0.40219.1
Project("{FAE04EC0-301F-11D3-BF4B-00C04F79EFBC}") = "Debugging.Android", "Debugging.Android\Debugging.Android.csproj", "{F1C1C19B-8EA4-4AD4-A8B0-B28175213273}"
EndProject
Project("{FAE04EC0-301F-11D3-BF4B-00C04F79EFBC}") = "Debugging.iOS", "Debugging.iOS\Debugging.iOS.csproj", "{38E39229-03D3-4502-8EA5-BC30E5A91071}"
EndProject
Project("{9A19103F-16F7-4668-BE54-9A1E7A4F7556}") = "Debugging", "Debugging\Debugging.csproj", "{04563363-7E95-4D85-BEF0-48C12AC3B13D}"
EndProject
Global
	GlobalSection(SolutionConfigurationPlatforms) = preSolution
		Ad-Hoc|Any CPU = Ad-Hoc|Any CPU
		Ad-Hoc|iPhone = Ad-Hoc|iPhone
		Ad-Hoc|iPhoneSimulator = Ad-Hoc|iPhoneSimulator
		AppStore|Any CPU = AppStore|Any CPU
		AppStore|iPhone = AppStore|iPhone
		AppStore|iPhoneSimulator = AppStore|iPhoneSimulator
		Debug|Any CPU = Debug|Any CPU
		Debug|iPhone = Debug|iPhone
		Debug|iPhoneSimulator = Debug|iPhoneSimulator
		Release|Any CPU = Release|Any CPU
		Release|iPhone = Release|iPhone
		Release|iPhoneSimulator = Release|iPhoneSimulator
	EndGlobalSection
	GlobalSection(ProjectConfigurationPlatforms) = postSolution
		{F1C1C19B-8EA4-4AD4-A8B0-B28175213273}.Ad-Hoc|Any CPU.ActiveCfg = Release|Any CPU
		{F1C1C19B-8EA4-4AD4-A8B0-B28175213273}.Ad-Hoc|Any CPU.Build.0 = Release|Any CPU
		{F1C1C19B-8EA4-4AD4-A8B0-B28175213273}.Ad-Hoc|Any CPU.Deploy.0 = Release|Any CPU
		{F1C1C19B-8EA4-4AD4-A8B0-B28175213273}.Ad-Hoc|iPhone.ActiveCfg = Debug|Any CPU
		{F1C1C19B-8EA4-4AD4-A8B0-B28175213273}.Ad-Hoc|iPhone.Build.0 = Debug|Any CPU
		{F1C1C19B-8EA4-4AD4-A8B0-B28175213273}.Ad-Hoc|iPhoneSimulator.ActiveCfg = Release|Any CPU
		{F1C1C19B-8EA4-4AD4-A8B0-B28175213273}.Ad-Hoc|iPhoneSimulator.Build.0 = Release|Any CPU
		{F1C1C19B-8EA4-4AD4-A8B0-B28175213273}.Ad-Hoc|iPhoneSimulator.Deploy.0 = Release|Any CPU
		{F1C1C19B-8EA4-4AD4-A8B0-B28175213273}.AppStore|Any CPU.ActiveCfg = Release|Any CPU
		{F1C1C19B-8EA4-4AD4-A8B0-B28175213273}.AppStore|Any CPU.Build.0 = Release|Any CPU
		{F1C1C19B-8EA4-4AD4-A8B0-B28175213273}.AppStore|Any CPU.Deploy.0 = Release|Any CPU
		{F1C1C19B-8EA4-4AD4-A8B0-B28175213273}.AppStore|iPhone.ActiveCfg = Debug|Any CPU
		{F1C1C19B-8EA4-4AD4-A8B0-B28175213273}.AppStore|iPhone.Build.0 = Debug|Any CPU
		{F1C1C19B-8EA4-4AD4-A8B0-B28175213273}.AppStore|iPhoneSimulator.ActiveCfg = Release|Any CPU
		{F1C1C19B-8EA4-4AD4-A8B0-B28175213273}.AppStore|iPhoneSimulator.Build.0 = Release|Any CPU
		{F1C1C19B-8EA4-4AD4-A8B0-B28175213273}.AppStore|iPhoneSimulator.Deploy.0 = Release|Any CPU
		{F1C1C19B-8EA4-4AD4-A8B0-B28175213273}.Debug|Any CPU.ActiveCfg = Debug|Any CPU
		{F1C1C19B-8EA4-4AD4-A8B0-B28175213273}.Debug|Any CPU.Build.0 = Debug|Any CPU
		{F1C1C19B-8EA4-4AD4-A8B0-B28175213273}.Debug|Any CPU.Deploy.0 = Debug|Any CPU
		{F1C1C19B-8EA4-4AD4-A8B0-B28175213273}.Debug|iPhone.ActiveCfg = Debug|Any CPU
		{F1C1C19B-8EA4-4AD4-A8B0-B28175213273}.Debug|iPhone.Build.0 = Debug|Any CPU
		{F1C1C19B-8EA4-4AD4-A8B0-B28175213273}.Debug|iPhoneSimulator.ActiveCfg = Debug|Any CPU
		{F1C1C19B-8EA4-4AD4-A8B0-B28175213273}.Debug|iPhoneSimulator.Build.0 = Debug|Any CPU
		{F1C1C19B-8EA4-4AD4-A8B0-B28175213273}.Release|Any CPU.ActiveCfg = Release|Any CPU
		{F1C1C19B-8EA4-4AD4-A8B0-B28175213273}.Release|Any CPU.Build.0 = Release|Any CPU
		{F1C1C19B-8EA4-4AD4-A8B0-B28175213273}.Release|iPhone.ActiveCfg = Release|Any CPU
		{F1C1C19B-8EA4-4AD4-A8B0-B28175213273}.Release|iPhone.Build.0 = Release|Any CPU
		{F1C1C19B-8EA4-4AD4-A8B0-B28175213273}.Release|iPhoneSimulator.ActiveCfg = Release|Any CPU
		{F1C1C19B-8EA4-4AD4-A8B0-B28175213273}.Release|iPhoneSimulator.Build.0 = Release|Any CPU
		{38E39229-03D3-4502-8EA5-BC30E5A91071}.Ad-Hoc|Any CPU.ActiveCfg = Ad-Hoc|iPhoneSimulator
		{38E39229-03D3-4502-8EA5-BC30E5A91071}.Ad-Hoc|iPhone.ActiveCfg = Ad-Hoc|iPhone
		{38E39229-03D3-4502-8EA5-BC30E5A91071}.Ad-Hoc|iPhone.Build.0 = Ad-Hoc|iPhone
		{38E39229-03D3-4502-8EA5-BC30E5A91071}.Ad-Hoc|iPhoneSimulator.ActiveCfg = Ad-Hoc|iPhoneSimulator
		{38E39229-03D3-4502-8EA5-BC30E5A91071}.Ad-Hoc|iPhoneSimulator.Build.0 = Ad-Hoc|iPhoneSimulator
		{38E39229-03D3-4502-8EA5-BC30E5A91071}.AppStore|Any CPU.ActiveCfg = AppStore|iPhoneSimulator
		{38E39229-03D3-4502-8EA5-BC30E5A91071}.AppStore|iPhone.ActiveCfg = AppStore|iPhone
		{38E39229-03D3-4502-8EA5-BC30E5A91071}.AppStore|iPhone.Build.0 = AppStore|iPhone
		{38E39229-03D3-4502-8EA5-BC30E5A91071}.AppStore|iPhoneSimulator.ActiveCfg = AppStore|iPhoneSimulator
		{38E39229-03D3-4502-8EA5-BC30E5A91071}.AppStore|iPhoneSimulator.Build.0 = AppStore|iPhoneSimulator
		{38E39229-03D3-4502-8EA5-BC30E5A91071}.Debug|Any CPU.ActiveCfg = Debug|iPhoneSimulator
		{38E39229-03D3-4502-8EA5-BC30E5A91071}.Debug|Any CPU.Build.0 = Debug|iPhoneSimulator
		{38E39229-03D3-4502-8EA5-BC30E5A91071}.Debug|iPhone.ActiveCfg = Debug|iPhone
		{38E39229-03D3-4502-8EA5-BC30E5A91071}.Debug|iPhone.Build.0 = Debug|iPhone
		{38E39229-03D3-4502-8EA5-BC30E5A91071}.Debug|iPhoneSimulator.ActiveCfg = Debug|iPhoneSimulator
		{38E39229-03D3-4502-8EA5-BC30E5A91071}.Debug|iPhoneSimulator.Build.0 = Debug|iPhoneSimulator
		{38E39229-03D3-4502-8EA5-BC30E5A91071}.Release|Any CPU.ActiveCfg = Release|iPhoneSimulator
		{38E39229-03D3-4502-8EA5-BC30E5A91071}.Release|Any CPU.Build.0 = Release|iPhoneSimulator
		{38E39229-03D3-4502-8EA5-BC30E5A91071}.Release|iPhone.ActiveCfg = Release|iPhone
		{38E39229-03D3-4502-8EA5-BC30E5A91071}.Release|iPhone.Build.0 = Release|iPhone
		{38E39229-03D3-4502-8EA5-BC30E5A91071}.Release|iPhoneSimulator.ActiveCfg = Release|iPhoneSimulator
		{38E39229-03D3-4502-8EA5-BC30E5A91071}.Release|iPhoneSimulator.Build.0 = Release|iPhoneSimulator
		{04563363-7E95-4D85-BEF0-48C12AC3B13D}.Ad-Hoc|Any CPU.ActiveCfg = Release|Any CPU
		{04563363-7E95-4D85-BEF0-48C12AC3B13D}.Ad-Hoc|Any CPU.Build.0 = Release|Any CPU
		{04563363-7E95-4D85-BEF0-48C12AC3B13D}.Ad-Hoc|iPhone.ActiveCfg = Debug|Any CPU
		{04563363-7E95-4D85-BEF0-48C12AC3B13D}.Ad-Hoc|iPhone.Build.0 = Debug|Any CPU
		{04563363-7E95-4D85-BEF0-48C12AC3B13D}.Ad-Hoc|iPhoneSimulator.ActiveCfg = Release|Any CPU
		{04563363-7E95-4D85-BEF0-48C12AC3B13D}.Ad-Hoc|iPhoneSimulator.Build.0 = Release|Any CPU
		{04563363-7E95-4D85-BEF0-48C12AC3B13D}.AppStore|Any CPU.ActiveCfg = Release|Any CPU
		{04563363-7E95-4D85-BEF0-48C12AC3B13D}.AppStore|Any CPU.Build.0 = Release|Any CPU
		{04563363-7E95-4D85-BEF0-48C12AC3B13D}.AppStore|iPhone.ActiveCfg = Debug|Any CPU
		{04563363-7E95-4D85-BEF0-48C12AC3B13D}.AppStore|iPhone.Build.0 = Debug|Any CPU
		{04563363-7E95-4D85-BEF0-48C12AC3B13D}.AppStore|iPhoneSimulator.ActiveCfg = Release|Any CPU
		{04563363-7E95-4D85-BEF0-48C12AC3B13D}.AppStore|iPhoneSimulator.Build.0 = Release|Any CPU
		{04563363-7E95-4D85-BEF0-48C12AC3B13D}.Debug|Any CPU.ActiveCfg = Debug|Any CPU
		{04563363-7E95-4D85-BEF0-48C12AC3B13D}.Debug|Any CPU.Build.0 = Debug|Any CPU
		{04563363-7E95-4D85-BEF0-48C12AC3B13D}.Debug|iPhone.ActiveCfg = Debug|Any CPU
		{04563363-7E95-4D85-BEF0-48C12AC3B13D}.Debug|iPhone.Build.0 = Debug|Any CPU
		{04563363-7E95-4D85-BEF0-48C12AC3B13D}.Debug|iPhoneSimulator.ActiveCfg = Debug|Any CPU
		{04563363-7E95-4D85-BEF0-48C12AC3B13D}.Debug|iPhoneSimulator.Build.0 = Debug|Any CPU
		{04563363-7E95-4D85-BEF0-48C12AC3B13D}.Release|Any CPU.ActiveCfg = Release|Any CPU
		{04563363-7E95-4D85-BEF0-48C12AC3B13D}.Release|Any CPU.Build.0 = Release|Any CPU
		{04563363-7E95-4D85-BEF0-48C12AC3B13D}.Release|iPhone.ActiveCfg = Release|Any CPU
		{04563363-7E95-4D85-BEF0-48C12AC3B13D}.Release|iPhone.Build.0 = Release|Any CPU
		{04563363-7E95-4D85-BEF0-48C12AC3B13D}.Release|iPhoneSimulator.ActiveCfg = Release|Any CPU
		{04563363-7E95-4D85-BEF0-48C12AC3B13D}.Release|iPhoneSimulator.Build.0 = Release|Any CPU
	EndGlobalSection
	GlobalSection(SolutionProperties) = preSolution
		HideSolutionNode = FALSE
	EndGlobalSection
	GlobalSection(ExtensibilityGlobals) = postSolution
		SolutionGuid = {9A63A67F-A9C4-4AB0-980E-47888D770323}
	EndGlobalSection
EndGlobal
